
Microsoft Visual Studio Solution File, Format Version 12.00
# Visual Studio Version 16
VisualStudioVersion = 16.0.29728.190
MinimumVisualStudioVersion = 10.0.40219.1
Project("{FAE04EC0-301F-11D3-BF4B-00C04F79EFBC}") = "Usando-Dictionary", "Usando-Dictionary\Usando-Dictionary.csproj", "{313DB946-88A9-4145-9D6E-8CD69754A306}"
EndProject
Global
	GlobalSection(SolutionConfigurationPlatforms) = preSolution
		Debug|Any CPU = Debug|Any CPU
		Release|Any CPU = Release|Any CPU
	EndGlobalSection
	GlobalSection(ProjectConfigurationPlatforms) = postSolution
		{313DB946-88A9-4145-9D6E-8CD69754A306}.Debug|Any CPU.ActiveCfg = Debug|Any CPU
		{313DB946-88A9-4145-9D6E-8CD69754A306}.Debug|Any CPU.Build.0 = Debug|Any CPU
		{313DB946-88A9-4145-9D6E-8CD69754A306}.Release|Any CPU.ActiveCfg = Release|Any CPU
		{313DB946-88A9-4145-9D6E-8CD69754A306}.Release|Any CPU.Build.0 = Release|Any CPU
	EndGlobalSection
	GlobalSection(SolutionProperties) = preSolution
		HideSolutionNode = FALSE
	EndGlobalSection
	GlobalSection(ExtensibilityGlobals) = postSolution
		SolutionGuid = {357F2FE9-4082-4552-8154-C17D1B8BC308}
	EndGlobalSection
EndGlobal
